<?xml version="1.0" encoding="utf-8"?>
<Project ToolsVersion="4.0" xmlns="http://schemas.microsoft.com/developer/msbuild/2003">
  <ItemGroup>
    <ClCompile Include="main.cpp" />
    <ClCompile Include="..\..\..\common\arcball.cpp">
      <Filter>cg2</Filter>
    </ClCompile>
    <ClCompile Include="..\..\..\common\triasset.cpp">
      <Filter>cg2</Filter>
    </ClCompile>
    <ClCompile Include="..\..\..\common\glsl.cpp">
      <Filter>cg2</Filter>
    </ClCompile>
    <ClCompile Include="..\..\..\common\texture2D.cpp">
      <Filter>cg2</Filter>
    </ClCompile>
  </ItemGroup>
  <ItemGroup>
    <Filter Include="cg2">
      <UniqueIdentifier>{f241ca54-92b6-4bb7-a29d-8119f6a52574}</UniqueIdentifier>
    </Filter>
  </ItemGroup>
  <ItemGroup>
    <None Include="..\..\..\bin\shaders\tutorials\tut_fbo_mrt_renderpass2.vert" />
    <None Include="..\..\..\bin\shaders\tutorials\tut_fbo_mrt_renderpass1.frag" />
    <None Include="..\..\..\bin\shaders\tutorials\tut_fbo_mrt_renderpass1.vert" />
    <None Include="..\..\..\bin\shaders\tutorials\tut_fbo_mrt_renderpass2.frag" />
  </ItemGroup>
  <ItemGroup>
    <ClInclude Include="..\..\..\common\arcball.h">
      <Filter>cg2</Filter>
    </ClInclude>
    <ClInclude Include="..\..\..\common\triasset.h">
      <Filter>cg2</Filter>
    </ClInclude>
    <ClInclude Include="..\..\..\common\glsl.h">
      <Filter>cg2</Filter>
    </ClInclude>
    <ClInclude Include="..\..\..\common\texture2D.h">
      <Filter>cg2</Filter>
    </ClInclude>
  </ItemGroup>
</Project>