<?xml version="1.0" encoding="utf-8"?>
<Project ToolsVersion="4.0" xmlns="http://schemas.microsoft.com/developer/msbuild/2003">
  <ItemGroup>
    <ClCompile Include="..\..\common\arcball.cpp">
      <Filter>cg2</Filter>
    </ClCompile>
    <ClCompile Include="..\..\common\glsl.cpp">
      <Filter>cg2</Filter>
    </ClCompile>
    <ClCompile Include="..\..\common\texture2D.cpp">
      <Filter>cg2</Filter>
    </ClCompile>
    <ClCompile Include="..\..\common\triasset.cpp">
      <Filter>cg2</Filter>
    </ClCompile>
    <ClCompile Include="main.cpp" />
  </ItemGroup>
  <ItemGroup>
    <ClInclude Include="..\..\common\arcball.h">
      <Filter>cg2</Filter>
    </ClInclude>
    <ClInclude Include="..\..\common\glsl.h">
      <Filter>cg2</Filter>
    </ClInclude>
    <ClInclude Include="..\..\common\texture2D.h">
      <Filter>cg2</Filter>
    </ClInclude>
    <ClInclude Include="..\..\common\triasset.h">
      <Filter>cg2</Filter>
    </ClInclude>
  </ItemGroup>
  <ItemGroup>
    <Filter Include="cg2">
      <UniqueIdentifier>{38eadb4f-3adf-4ca0-9193-0982ce949ea1}</UniqueIdentifier>
    </Filter>
  </ItemGroup>
  <ItemGroup>
    <None Include="..\..\bin\shaders\practical_exercises_unit1\ex2_rings.vert" />
    <None Include="..\..\bin\shaders\practical_exercises_unit1\ex2_rings.frag" />
  </ItemGroup>
</Project>