<?xml version="1.0" encoding="utf-8"?>
<Project ToolsVersion="4.0" xmlns="http://schemas.microsoft.com/developer/msbuild/2003">
  <ItemGroup>
    <ClCompile Include="..\..\common\arcball.cpp">
      <Filter>cg2</Filter>
    </ClCompile>
    <ClCompile Include="..\..\common\glsl.cpp">
      <Filter>cg2</Filter>
    </ClCompile>
    <ClCompile Include="..\..\common\settings.cpp">
      <Filter>cg2</Filter>
    </ClCompile>
    <ClCompile Include="..\..\common\texture2D.cpp">
      <Filter>cg2</Filter>
    </ClCompile>
    <ClCompile Include="..\..\common\triasset.cpp">
      <Filter>cg2</Filter>
    </ClCompile>
    <ClCompile Include="main.cpp" />
  </ItemGroup>
  <ItemGroup>
    <ClInclude Include="..\..\common\arcball.h">
      <Filter>cg2</Filter>
    </ClInclude>
    <ClInclude Include="..\..\common\glsl.h">
      <Filter>cg2</Filter>
    </ClInclude>
    <ClInclude Include="..\..\common\settings.h">
      <Filter>cg2</Filter>
    </ClInclude>
    <ClInclude Include="..\..\common\texture2D.h">
      <Filter>cg2</Filter>
    </ClInclude>
    <ClInclude Include="..\..\common\triasset.h">
      <Filter>cg2</Filter>
    </ClInclude>
  </ItemGroup>
  <ItemGroup>
    <Filter Include="cg2">
      <UniqueIdentifier>{6e3bf9fe-bc79-40fe-b509-68b4887eb766}</UniqueIdentifier>
    </Filter>
  </ItemGroup>
  <ItemGroup>
    <None Include="..\..\bin\shaders\solution_deferred\buildGBuffer.vert" />
    <None Include="..\..\bin\shaders\solution_deferred\buildGBuffer.frag" />
    <None Include="..\..\bin\shaders\solution_deferred\evalAmbientAndDirectionalLight.frag" />
    <None Include="..\..\bin\shaders\solution_deferred\evalAmbientAndDirectionalLight.vert" />
    <None Include="..\..\bin\shaders\solution_deferred\evalPointLight.vert" />
    <None Include="..\..\bin\shaders\solution_deferred\evalPointLight.frag" />
    <None Include="..\..\bin\shaders\solution_deferred\evalSpotLight.frag" />
    <None Include="..\..\bin\shaders\solution_deferred\evalSpotLight.vert" />
  </ItemGroup>
</Project>