
Microsoft Visual Studio Solution File, Format Version 12.00
# Visual Studio 14
VisualStudioVersion = 14.0.25420.1
MinimumVisualStudioVersion = 10.0.40219.1
Project("{8BC9CEB8-8B4A-11D0-8D11-00A0C91BC942}") = "ex1_ogre", "ogre\ogre.vcxproj", "{1167F675-55BB-4603-A039-5020B030CC9E}"
EndProject
Project("{8BC9CEB8-8B4A-11D0-8D11-00A0C91BC942}") = "ex2_rings", "rings\rings.vcxproj", "{B9FAEEBC-A557-4F04-890E-9F86798CA181}"
EndProject
Project("{8BC9CEB8-8B4A-11D0-8D11-00A0C91BC942}") = "ex3_quad", "quad\quad.vcxproj", "{60F75ADA-E067-4C35-AB61-94B0952A4C4C}"
EndProject
Global
	GlobalSection(SolutionConfigurationPlatforms) = preSolution
		Debug|x64 = Debug|x64
		Debug|x86 = Debug|x86
		Release|x64 = Release|x64
		Release|x86 = Release|x86
	EndGlobalSection
	GlobalSection(ProjectConfigurationPlatforms) = postSolution
		{1167F675-55BB-4603-A039-5020B030CC9E}.Debug|x64.ActiveCfg = Debug|x64
		{1167F675-55BB-4603-A039-5020B030CC9E}.Debug|x64.Build.0 = Debug|x64
		{1167F675-55BB-4603-A039-5020B030CC9E}.Debug|x86.ActiveCfg = Debug|Win32
		{1167F675-55BB-4603-A039-5020B030CC9E}.Debug|x86.Build.0 = Debug|Win32
		{1167F675-55BB-4603-A039-5020B030CC9E}.Release|x64.ActiveCfg = Release|x64
		{1167F675-55BB-4603-A039-5020B030CC9E}.Release|x64.Build.0 = Release|x64
		{1167F675-55BB-4603-A039-5020B030CC9E}.Release|x86.ActiveCfg = Release|Win32
		{1167F675-55BB-4603-A039-5020B030CC9E}.Release|x86.Build.0 = Release|Win32
		{B9FAEEBC-A557-4F04-890E-9F86798CA181}.Debug|x64.ActiveCfg = Debug|x64
		{B9FAEEBC-A557-4F04-890E-9F86798CA181}.Debug|x64.Build.0 = Debug|x64
		{B9FAEEBC-A557-4F04-890E-9F86798CA181}.Debug|x86.ActiveCfg = Debug|Win32
		{B9FAEEBC-A557-4F04-890E-9F86798CA181}.Debug|x86.Build.0 = Debug|Win32
		{B9FAEEBC-A557-4F04-890E-9F86798CA181}.Release|x64.ActiveCfg = Release|x64
		{B9FAEEBC-A557-4F04-890E-9F86798CA181}.Release|x64.Build.0 = Release|x64
		{B9FAEEBC-A557-4F04-890E-9F86798CA181}.Release|x86.ActiveCfg = Release|Win32
		{B9FAEEBC-A557-4F04-890E-9F86798CA181}.Release|x86.Build.0 = Release|Win32
		{60F75ADA-E067-4C35-AB61-94B0952A4C4C}.Debug|x64.ActiveCfg = Debug|x64
		{60F75ADA-E067-4C35-AB61-94B0952A4C4C}.Debug|x64.Build.0 = Debug|x64
		{60F75ADA-E067-4C35-AB61-94B0952A4C4C}.Debug|x86.ActiveCfg = Debug|Win32
		{60F75ADA-E067-4C35-AB61-94B0952A4C4C}.Debug|x86.Build.0 = Debug|Win32
		{60F75ADA-E067-4C35-AB61-94B0952A4C4C}.Release|x64.ActiveCfg = Release|x64
		{60F75ADA-E067-4C35-AB61-94B0952A4C4C}.Release|x64.Build.0 = Release|x64
		{60F75ADA-E067-4C35-AB61-94B0952A4C4C}.Release|x86.ActiveCfg = Release|Win32
		{60F75ADA-E067-4C35-AB61-94B0952A4C4C}.Release|x86.Build.0 = Release|Win32
	EndGlobalSection
	GlobalSection(SolutionProperties) = preSolution
		HideSolutionNode = FALSE
	EndGlobalSection
EndGlobal
